
Microsoft Visual Studio Solution File, Format Version 12.00
# Visual Studio Version 16
VisualStudioVersion = 16.0.31321.278
MinimumVisualStudioVersion = 10.0.40219.1
Project("{FAE04EC0-301F-11D3-BF4B-00C04F79EFBC}") = "JasonJT_Web", "JasonJT_Web\JasonJT_Web.csproj", "{A86BB074-A94C-4A42-81F9-D99F27FE002F}"
EndProject
Global
	GlobalSection(SolutionConfigurationPlatforms) = preSolution
		Debug|Any CPU = Debug|Any CPU
		Release|Any CPU = Release|Any CPU
	EndGlobalSection
	GlobalSection(ProjectConfigurationPlatforms) = postSolution
		{A86BB074-A94C-4A42-81F9-D99F27FE002F}.Debug|Any CPU.ActiveCfg = Debug|Any CPU
		{A86BB074-A94C-4A42-81F9-D99F27FE002F}.Debug|Any CPU.Build.0 = Debug|Any CPU
		{A86BB074-A94C-4A42-81F9-D99F27FE002F}.Release|Any CPU.ActiveCfg = Release|Any CPU
		{A86BB074-A94C-4A42-81F9-D99F27FE002F}.Release|Any CPU.Build.0 = Release|Any CPU
	EndGlobalSection
	GlobalSection(SolutionProperties) = preSolution
		HideSolutionNode = FALSE
	EndGlobalSection
	GlobalSection(ExtensibilityGlobals) = postSolution
		SolutionGuid = {A425B50D-4026-4E52-8C9F-A4FE87BC0C40}
	EndGlobalSection
EndGlobal
